{
  "name": "workspace",
  "lockfileVersion": 3,
  "requires": true,
  "packages": {
    "": {
      "dependencies": {
        "@lydell/node-pty": "^1.0.3"
      }
    },
    "node_modules/@lydell/node-pty": {
      "version": "1.0.3",
      "resolved": "https://registry.npmjs.org/@lydell/node-pty/-/node-pty-1.0.3.tgz",
      "integrity": "sha512-nLTNwJXEPi1oMyzxRwqsLB4jCmhDrltQS/kAYhV05qbPo5NOIKpw2tb+Iok/yhd9zP9+E5Lu7sWDGD+G4fdKbQ==",
      "license": "MIT",
      "optionalDependencies": {
        "@lydell/node-pty-darwin-arm64": "1.0.3",
        "@lydell/node-pty-darwin-x64": "1.0.3",
        "@lydell/node-pty-linux-x64": "1.0.3",
        "@lydell/node-pty-win32-arm64": "1.0.3",
        "@lydell/node-pty-win32-x64": "1.0.3"
      }
    },
    "node_modules/@lydell/node-pty-darwin-arm64": {
      "version": "1.0.3",
      "resolved": "https://registry.npmjs.org/@lydell/node-pty-darwin-arm64/-/node-pty-darwin-arm64-1.0.3.tgz",
      "integrity": "sha512-cpLatXzGHds9fU6KSA+5jB4CRKqqK1ITerYlbucyhfsE0uksMVpzD6Ti6jMeEq7YM0N+c61q6EURl/pIwNYSqA==",
      "cpu": [
        "arm64"
      ],
      "license": "MIT",
      "optional": true,
      "os": [
        "darwin"
      ]
    },
    "node_modules/@lydell/node-pty-darwin-x64": {
      "version": "1.0.3",
      "resolved": "https://registry.npmjs.org/@lydell/node-pty-darwin-x64/-/node-pty-darwin-x64-1.0.3.tgz",
      "integrity": "sha512-IuEf8TXwo+wzoUEhqv+LtznwW94gMm4V9XVFMisFh+oRz0TNtnWHtgTCdWCVn4Dm3dpEDAjiAlTLx0ayC5uMVA==",
      "cpu": [
        "x64"
      ],
      "license": "MIT",
      "optional": true,
      "os": [
        "darwin"
      ]
    },
    "node_modules/@lydell/node-pty-linux-x64": {
      "version": "1.0.3",
      "resolved": "https://registry.npmjs.org/@lydell/node-pty-linux-x64/-/node-pty-linux-x64-1.0.3.tgz",
      "integrity": "sha512-tfj6Zg9F5KkyCQQ2wCUXUW/1lcNgdWAVJNtt6gQH3X+fUueSrRl+R7xoWTcl5NGcfn2l7QWgUrjZcVKP3/ljTg==",
      "cpu": [
        "x64"
      ],
      "license": "MIT",
      "optional": true,
      "os": [
        "linux"
      ]
    },
    "node_modules/@lydell/node-pty-win32-arm64": {
      "version": "1.0.3",
      "resolved": "https://registry.npmjs.org/@lydell/node-pty-win32-arm64/-/node-pty-win32-arm64-1.0.3.tgz",
      "integrity": "sha512-5MTd7hbrvmO/de/B2MDhxjh3E109i5bSds6JtIcVR1M6+uCvWJrON5ibbvWIAqTHpFup20IyDv0cQJxVv9o9nA==",
      "cpu": [
        "arm64"
      ],
      "license": "MIT",
      "optional": true,
      "os": [
        "win32"
      ]
    },
    "node_modules/@lydell/node-pty-win32-x64": {
      "version": "1.0.3",
      "resolved": "https://registry.npmjs.org/@lydell/node-pty-win32-x64/-/node-pty-win32-x64-1.0.3.tgz",
      "integrity": "sha512-XMANgXpBYGtKa5q+czro+TaJAyv3njbT7R81Pky+p7e4GwNdWtSUNBxtQm+O4ZLV0VJ1rNiMEHMyGOq8T9i4FA==",
      "cpu": [
        "x64"
      ],
      "license": "MIT",
      "optional": true,
      "os": [
        "win32"
      ]
    }
  }
}
